
Microsoft Visual Studio Solution File, Format Version 12.00
# Visual Studio Version 17
VisualStudioVersion = 17.11.35312.102
MinimumVisualStudioVersion = 10.0.40219.1
Project("{2150E333-8FDC-42A3-9474-1A3956D46DE8}") = "Task0", "Task0", "{F81E6F55-D0CE-44DC-BDA3-B636811BDC4D}"
EndProject
Project("{9A19103F-16F7-4668-BE54-9A1E7A4F7556}") = "Tyuiu.ShakhovDK.Sprint1.Task0.V5", "Tyuiu.ShakhovDK.Sprint1.Task0.V5\Tyuiu.ShakhovDK.Sprint1.Task0.V5.csproj", "{83BD83EC-CAFE-475A-8E30-F6A95598EB89}"
EndProject
Project("{9A19103F-16F7-4668-BE54-9A1E7A4F7556}") = "Tyuiu.ShakhovDK.Sprint1.Task0.V5.Lib", "Tyuiu.ShakhovDK.Sprint1.Task0.V5.Lib\Tyuiu.ShakhovDK.Sprint1.Task0.V5.Lib.csproj", "{BD036F9F-0B75-4A7D-8BE0-EE9574502EEB}"
EndProject
Project("{9A19103F-16F7-4668-BE54-9A1E7A4F7556}") = "Tyuiu.ShakhovDK.Sprint1.Task0.V5.Test", "Tyuiu.ShakhovDK.Sprint1.Task0.V5.Test\Tyuiu.ShakhovDK.Sprint1.Task0.V5.Test.csproj", "{513B7048-3AA8-4558-9421-BB61B9321875}"
EndProject
Project("{2150E333-8FDC-42A3-9474-1A3956D46DE8}") = "Task1", "Task1", "{4D0C01B0-5352-471F-B934-649C7077DBBE}"
EndProject
Project("{9A19103F-16F7-4668-BE54-9A1E7A4F7556}") = "Tyuiu.ShakhovDK.Sprint1.Task1.V28", "Tyuiu.ShakhovDK.Sprint1.Task1.V28\Tyuiu.ShakhovDK.Sprint1.Task1.V28.csproj", "{AAB9C852-EC73-440C-934B-E7099E7F8F2D}"
EndProject
Project("{9A19103F-16F7-4668-BE54-9A1E7A4F7556}") = "Tyuiu.ShakhovDK.Sprint1.Task1.V28.Lib", "Tyuiu.ShakhovDK.Sprint1.Task1.V28.Lib\Tyuiu.ShakhovDK.Sprint1.Task1.V28.Lib.csproj", "{BAC104E2-2B24-4B40-B979-2BCC8064B09E}"
EndProject
Project("{9A19103F-16F7-4668-BE54-9A1E7A4F7556}") = "Tyuiu.ShakhovDK.Sprint1.Task1.V28.Test", "Tyuiu.ShakhovDK.Sprint1.Task1.V28.Test\Tyuiu.ShakhovDK.Sprint1.Task1.V28.Test.csproj", "{FEDDFB58-8D0E-41DE-99AF-B0D61ABEE63E}"
EndProject
Project("{2150E333-8FDC-42A3-9474-1A3956D46DE8}") = "Task2", "Task2", "{F18399F1-58CD-42FD-97E8-AA3BD751FD09}"
EndProject
Project("{9A19103F-16F7-4668-BE54-9A1E7A4F7556}") = "Tyuiu.ShakhovDK.Sprint1.Task2.V26", "Tyuiu.ShakhovDK.Sprint1.Task2.V26\Tyuiu.ShakhovDK.Sprint1.Task2.V26.csproj", "{57AF5CB7-787E-4C93-953B-17FAEB3C8A63}"
EndProject
Project("{9A19103F-16F7-4668-BE54-9A1E7A4F7556}") = "Tyuiu.ShakhovDK.Sprint1.Task2.V26.Lib", "Tyuiu.ShakhovDK.Sprint1.Task2.V26.Lib\Tyuiu.ShakhovDK.Sprint1.Task2.V26.Lib.csproj", "{5349A939-0220-4660-B48C-98D477A0E785}"
EndProject
Project("{9A19103F-16F7-4668-BE54-9A1E7A4F7556}") = "Tyuiu.ShakhovDK.Sprint1.Task2.V26.Test", "Tyuiu.ShakhovDK.Sprint1.Task2.V26.Test\Tyuiu.ShakhovDK.Sprint1.Task2.V26.Test.csproj", "{104013AF-5D6D-40EC-9673-3FDF7B0A225C}"
EndProject
Project("{2150E333-8FDC-42A3-9474-1A3956D46DE8}") = "Task3", "Task3", "{E53D45B2-EF28-49AD-B777-3277749B7614}"
EndProject
Project("{FAE04EC0-301F-11D3-BF4B-00C04F79EFBC}") = "Tyuiu.ShakhovDK.Sprint1.Task3.V3", "Tyuiu.ShakhovDK.Sprint1.Task3.V3\Tyuiu.ShakhovDK.Sprint1.Task3.V3.csproj", "{AA647241-E312-48E5-BF50-258B72B764A9}"
EndProject
Project("{FAE04EC0-301F-11D3-BF4B-00C04F79EFBC}") = "Tyuiu.ShakhovDK.Sprint1.Task3.V3.Lib", "Tyuiu.ShakhovDK.Sprint1.Task3.V3.Lib\Tyuiu.ShakhovDK.Sprint1.Task3.V3.Lib.csproj", "{733F3547-B9E4-400E-BB51-CD4ED8CA75A1}"
EndProject
Project("{FAE04EC0-301F-11D3-BF4B-00C04F79EFBC}") = "Tyuiu.ShakhovDK.Sprint1.Task3.V3.Test", "Tyuiu.ShakhovDK.Sprint1.Task3.V3.Test\Tyuiu.ShakhovDK.Sprint1.Task3.V3.Test.csproj", "{FB40C7E0-5DB6-4481-A975-3735F7C2039B}"
EndProject
Global
	GlobalSection(SolutionConfigurationPlatforms) = preSolution
		Debug|Any CPU = Debug|Any CPU
		Release|Any CPU = Release|Any CPU
	EndGlobalSection
	GlobalSection(ProjectConfigurationPlatforms) = postSolution
		{83BD83EC-CAFE-475A-8E30-F6A95598EB89}.Debug|Any CPU.ActiveCfg = Debug|Any CPU
		{83BD83EC-CAFE-475A-8E30-F6A95598EB89}.Debug|Any CPU.Build.0 = Debug|Any CPU
		{83BD83EC-CAFE-475A-8E30-F6A95598EB89}.Release|Any CPU.ActiveCfg = Release|Any CPU
		{83BD83EC-CAFE-475A-8E30-F6A95598EB89}.Release|Any CPU.Build.0 = Release|Any CPU
		{BD036F9F-0B75-4A7D-8BE0-EE9574502EEB}.Debug|Any CPU.ActiveCfg = Debug|Any CPU
		{BD036F9F-0B75-4A7D-8BE0-EE9574502EEB}.Debug|Any CPU.Build.0 = Debug|Any CPU
		{BD036F9F-0B75-4A7D-8BE0-EE9574502EEB}.Release|Any CPU.ActiveCfg = Release|Any CPU
		{BD036F9F-0B75-4A7D-8BE0-EE9574502EEB}.Release|Any CPU.Build.0 = Release|Any CPU
		{513B7048-3AA8-4558-9421-BB61B9321875}.Debug|Any CPU.ActiveCfg = Debug|Any CPU
		{513B7048-3AA8-4558-9421-BB61B9321875}.Debug|Any CPU.Build.0 = Debug|Any CPU
		{513B7048-3AA8-4558-9421-BB61B9321875}.Release|Any CPU.ActiveCfg = Release|Any CPU
		{513B7048-3AA8-4558-9421-BB61B9321875}.Release|Any CPU.Build.0 = Release|Any CPU
		{AAB9C852-EC73-440C-934B-E7099E7F8F2D}.Debug|Any CPU.ActiveCfg = Debug|Any CPU
		{AAB9C852-EC73-440C-934B-E7099E7F8F2D}.Debug|Any CPU.Build.0 = Debug|Any CPU
		{AAB9C852-EC73-440C-934B-E7099E7F8F2D}.Release|Any CPU.ActiveCfg = Release|Any CPU
		{AAB9C852-EC73-440C-934B-E7099E7F8F2D}.Release|Any CPU.Build.0 = Release|Any CPU
		{BAC104E2-2B24-4B40-B979-2BCC8064B09E}.Debug|Any CPU.ActiveCfg = Debug|Any CPU
		{BAC104E2-2B24-4B40-B979-2BCC8064B09E}.Debug|Any CPU.Build.0 = Debug|Any CPU
		{BAC104E2-2B24-4B40-B979-2BCC8064B09E}.Release|Any CPU.ActiveCfg = Release|Any CPU
		{BAC104E2-2B24-4B40-B979-2BCC8064B09E}.Release|Any CPU.Build.0 = Release|Any CPU
		{FEDDFB58-8D0E-41DE-99AF-B0D61ABEE63E}.Debug|Any CPU.ActiveCfg = Debug|Any CPU
		{FEDDFB58-8D0E-41DE-99AF-B0D61ABEE63E}.Debug|Any CPU.Build.0 = Debug|Any CPU
		{FEDDFB58-8D0E-41DE-99AF-B0D61ABEE63E}.Release|Any CPU.ActiveCfg = Release|Any CPU
		{FEDDFB58-8D0E-41DE-99AF-B0D61ABEE63E}.Release|Any CPU.Build.0 = Release|Any CPU
		{57AF5CB7-787E-4C93-953B-17FAEB3C8A63}.Debug|Any CPU.ActiveCfg = Debug|Any CPU
		{57AF5CB7-787E-4C93-953B-17FAEB3C8A63}.Debug|Any CPU.Build.0 = Debug|Any CPU
		{57AF5CB7-787E-4C93-953B-17FAEB3C8A63}.Release|Any CPU.ActiveCfg = Release|Any CPU
		{57AF5CB7-787E-4C93-953B-17FAEB3C8A63}.Release|Any CPU.Build.0 = Release|Any CPU
		{5349A939-0220-4660-B48C-98D477A0E785}.Debug|Any CPU.ActiveCfg = Debug|Any CPU
		{5349A939-0220-4660-B48C-98D477A0E785}.Debug|Any CPU.Build.0 = Debug|Any CPU
		{5349A939-0220-4660-B48C-98D477A0E785}.Release|Any CPU.ActiveCfg = Release|Any CPU
		{5349A939-0220-4660-B48C-98D477A0E785}.Release|Any CPU.Build.0 = Release|Any CPU
		{104013AF-5D6D-40EC-9673-3FDF7B0A225C}.Debug|Any CPU.ActiveCfg = Debug|Any CPU
		{104013AF-5D6D-40EC-9673-3FDF7B0A225C}.Debug|Any CPU.Build.0 = Debug|Any CPU
		{104013AF-5D6D-40EC-9673-3FDF7B0A225C}.Release|Any CPU.ActiveCfg = Release|Any CPU
		{104013AF-5D6D-40EC-9673-3FDF7B0A225C}.Release|Any CPU.Build.0 = Release|Any CPU
		{AA647241-E312-48E5-BF50-258B72B764A9}.Debug|Any CPU.ActiveCfg = Debug|Any CPU
		{AA647241-E312-48E5-BF50-258B72B764A9}.Debug|Any CPU.Build.0 = Debug|Any CPU
		{AA647241-E312-48E5-BF50-258B72B764A9}.Release|Any CPU.ActiveCfg = Release|Any CPU
		{AA647241-E312-48E5-BF50-258B72B764A9}.Release|Any CPU.Build.0 = Release|Any CPU
		{733F3547-B9E4-400E-BB51-CD4ED8CA75A1}.Debug|Any CPU.ActiveCfg = Debug|Any CPU
		{733F3547-B9E4-400E-BB51-CD4ED8CA75A1}.Debug|Any CPU.Build.0 = Debug|Any CPU
		{733F3547-B9E4-400E-BB51-CD4ED8CA75A1}.Release|Any CPU.ActiveCfg = Release|Any CPU
		{733F3547-B9E4-400E-BB51-CD4ED8CA75A1}.Release|Any CPU.Build.0 = Release|Any CPU
		{FB40C7E0-5DB6-4481-A975-3735F7C2039B}.Debug|Any CPU.ActiveCfg = Debug|Any CPU
		{FB40C7E0-5DB6-4481-A975-3735F7C2039B}.Debug|Any CPU.Build.0 = Debug|Any CPU
		{FB40C7E0-5DB6-4481-A975-3735F7C2039B}.Release|Any CPU.ActiveCfg = Release|Any CPU
		{FB40C7E0-5DB6-4481-A975-3735F7C2039B}.Release|Any CPU.Build.0 = Release|Any CPU
	EndGlobalSection
	GlobalSection(SolutionProperties) = preSolution
		HideSolutionNode = FALSE
	EndGlobalSection
	GlobalSection(NestedProjects) = preSolution
		{83BD83EC-CAFE-475A-8E30-F6A95598EB89} = {F81E6F55-D0CE-44DC-BDA3-B636811BDC4D}
		{BD036F9F-0B75-4A7D-8BE0-EE9574502EEB} = {F81E6F55-D0CE-44DC-BDA3-B636811BDC4D}
		{513B7048-3AA8-4558-9421-BB61B9321875} = {F81E6F55-D0CE-44DC-BDA3-B636811BDC4D}
		{AAB9C852-EC73-440C-934B-E7099E7F8F2D} = {4D0C01B0-5352-471F-B934-649C7077DBBE}
		{BAC104E2-2B24-4B40-B979-2BCC8064B09E} = {4D0C01B0-5352-471F-B934-649C7077DBBE}
		{FEDDFB58-8D0E-41DE-99AF-B0D61ABEE63E} = {4D0C01B0-5352-471F-B934-649C7077DBBE}
		{57AF5CB7-787E-4C93-953B-17FAEB3C8A63} = {F18399F1-58CD-42FD-97E8-AA3BD751FD09}
		{5349A939-0220-4660-B48C-98D477A0E785} = {F18399F1-58CD-42FD-97E8-AA3BD751FD09}
		{104013AF-5D6D-40EC-9673-3FDF7B0A225C} = {F18399F1-58CD-42FD-97E8-AA3BD751FD09}
		{AA647241-E312-48E5-BF50-258B72B764A9} = {E53D45B2-EF28-49AD-B777-3277749B7614}
		{733F3547-B9E4-400E-BB51-CD4ED8CA75A1} = {E53D45B2-EF28-49AD-B777-3277749B7614}
		{FB40C7E0-5DB6-4481-A975-3735F7C2039B} = {E53D45B2-EF28-49AD-B777-3277749B7614}
	EndGlobalSection
	GlobalSection(ExtensibilityGlobals) = postSolution
		SolutionGuid = {DC17AF3A-1C72-42CC-ABC1-26BF03795236}
	EndGlobalSection
EndGlobal
